
Microsoft Visual Studio Solution File, Format Version 12.00
# Visual Studio Version 17
VisualStudioVersion = 17.7.34031.279
MinimumVisualStudioVersion = 10.0.40219.1
Project("{9A19103F-16F7-4668-BE54-9A1E7A4F7556}") = "ST10102963_CLDV", "ST10102963_CLDV\ST10102963_CLDV.csproj", "{5791BA8D-4FEF-48BD-A405-5F1F5E6308FC}"
EndProject
Project("{FAE04EC0-301F-11D3-BF4B-00C04F79EFBC}") = "FunctionApp1", "FunctionApp1\FunctionApp1.csproj", "{633C9947-F2FE-487C-8343-2EFB5AC7CC1E}"
EndProject
Global
	GlobalSection(SolutionConfigurationPlatforms) = preSolution
		Debug|Any CPU = Debug|Any CPU
		Release|Any CPU = Release|Any CPU
	EndGlobalSection
	GlobalSection(ProjectConfigurationPlatforms) = postSolution
		{5791BA8D-4FEF-48BD-A405-5F1F5E6308FC}.Debug|Any CPU.ActiveCfg = Debug|Any CPU
		{5791BA8D-4FEF-48BD-A405-5F1F5E6308FC}.Debug|Any CPU.Build.0 = Debug|Any CPU
		{5791BA8D-4FEF-48BD-A405-5F1F5E6308FC}.Release|Any CPU.ActiveCfg = Release|Any CPU
		{5791BA8D-4FEF-48BD-A405-5F1F5E6308FC}.Release|Any CPU.Build.0 = Release|Any CPU
		{633C9947-F2FE-487C-8343-2EFB5AC7CC1E}.Debug|Any CPU.ActiveCfg = Debug|Any CPU
		{633C9947-F2FE-487C-8343-2EFB5AC7CC1E}.Debug|Any CPU.Build.0 = Debug|Any CPU
		{633C9947-F2FE-487C-8343-2EFB5AC7CC1E}.Release|Any CPU.ActiveCfg = Release|Any CPU
		{633C9947-F2FE-487C-8343-2EFB5AC7CC1E}.Release|Any CPU.Build.0 = Release|Any CPU
	EndGlobalSection
	GlobalSection(SolutionProperties) = preSolution
		HideSolutionNode = FALSE
	EndGlobalSection
	GlobalSection(ExtensibilityGlobals) = postSolution
		SolutionGuid = {B2255B97-B2C6-42E2-B74D-FA021CDEB1C7}
	EndGlobalSection
EndGlobal
